
Microsoft Visual Studio Solution File, Format Version 12.00
# Visual Studio Version 17
VisualStudioVersion = 17.3.32922.545
MinimumVisualStudioVersion = 10.0.40219.1
Project("{9A19103F-16F7-4668-BE54-9A1E7A4F7556}") = "Strategy Pattern", "Strategy Pattern\Strategy Pattern.csproj", "{EDA96C1B-33FF-40B6-B9A4-2DD1FC937101}"
EndProject
Project("{FAE04EC0-301F-11D3-BF4B-00C04F79EFBC}") = "Observer Pattern", "Observer Pattern\Observer Pattern.csproj", "{F7FD9492-C46F-42F0-81BC-76B67746BD25}"
EndProject
Global
	GlobalSection(SolutionConfigurationPlatforms) = preSolution
		Debug|Any CPU = Debug|Any CPU
		Release|Any CPU = Release|Any CPU
	EndGlobalSection
	GlobalSection(ProjectConfigurationPlatforms) = postSolution
		{EDA96C1B-33FF-40B6-B9A4-2DD1FC937101}.Debug|Any CPU.ActiveCfg = Debug|Any CPU
		{EDA96C1B-33FF-40B6-B9A4-2DD1FC937101}.Debug|Any CPU.Build.0 = Debug|Any CPU
		{EDA96C1B-33FF-40B6-B9A4-2DD1FC937101}.Release|Any CPU.ActiveCfg = Release|Any CPU
		{EDA96C1B-33FF-40B6-B9A4-2DD1FC937101}.Release|Any CPU.Build.0 = Release|Any CPU
		{F7FD9492-C46F-42F0-81BC-76B67746BD25}.Debug|Any CPU.ActiveCfg = Debug|Any CPU
		{F7FD9492-C46F-42F0-81BC-76B67746BD25}.Debug|Any CPU.Build.0 = Debug|Any CPU
		{F7FD9492-C46F-42F0-81BC-76B67746BD25}.Release|Any CPU.ActiveCfg = Release|Any CPU
		{F7FD9492-C46F-42F0-81BC-76B67746BD25}.Release|Any CPU.Build.0 = Release|Any CPU
	EndGlobalSection
	GlobalSection(SolutionProperties) = preSolution
		HideSolutionNode = FALSE
	EndGlobalSection
	GlobalSection(ExtensibilityGlobals) = postSolution
		SolutionGuid = {119C596C-CD90-4AB3-9CC2-D6634D03E62C}
	EndGlobalSection
EndGlobal
